
Microsoft Visual Studio Solution File, Format Version 12.00
# Visual Studio Version 16
VisualStudioVersion = 16.0.30804.86
MinimumVisualStudioVersion = 10.0.40219.1
Project("{FAE04EC0-301F-11D3-BF4B-00C04F79EFBC}") = "RemoteDesktop", "RemoteDesktop.csproj", "{CD140C15-D5B4-4AC7-A14C-730E0FF642D7}"
EndProject
Project("{2150E333-8FDC-42A3-9474-1A3956D46DE8}") = "Solution Items", "Solution Items", "{2358E78B-F093-4DE7-8F32-DFA2342E69B6}"
EndProject
Global
	GlobalSection(SolutionConfigurationPlatforms) = preSolution
		Debug|Any CPU = Debug|Any CPU
		Release|Any CPU = Release|Any CPU
	EndGlobalSection
	GlobalSection(ProjectConfigurationPlatforms) = postSolution
		{CD140C15-D5B4-4AC7-A14C-730E0FF642D7}.Debug|Any CPU.ActiveCfg = Debug|Any CPU
		{CD140C15-D5B4-4AC7-A14C-730E0FF642D7}.Debug|Any CPU.Build.0 = Debug|Any CPU
		{CD140C15-D5B4-4AC7-A14C-730E0FF642D7}.Release|Any CPU.ActiveCfg = Release|Any CPU
		{CD140C15-D5B4-4AC7-A14C-730E0FF642D7}.Release|Any CPU.Build.0 = Release|Any CPU
	EndGlobalSection
	GlobalSection(SolutionProperties) = preSolution
		HideSolutionNode = FALSE
	EndGlobalSection
	GlobalSection(ExtensibilityGlobals) = postSolution
		SolutionGuid = {6BC6C7A4-5838-423A-BA75-4A020A1C30B2}
	EndGlobalSection
EndGlobal
